
Microsoft Visual Studio Solution File, Format Version 12.00
# Visual Studio Version 16
VisualStudioVersion = 16.0.31410.357
MinimumVisualStudioVersion = 10.0.40219.1
Project("{FAE04EC0-301F-11D3-BF4B-00C04F79EFBC}") = "ConsoleApp2", "ConsoleApp2\ConsoleApp2.csproj", "{B34CF3FC-F036-4504-BF40-356FB16CAC4A}"
EndProject
Global
	GlobalSection(SolutionConfigurationPlatforms) = preSolution
		Debug|Any CPU = Debug|Any CPU
		Release|Any CPU = Release|Any CPU
	EndGlobalSection
	GlobalSection(ProjectConfigurationPlatforms) = postSolution
		{B34CF3FC-F036-4504-BF40-356FB16CAC4A}.Debug|Any CPU.ActiveCfg = Debug|Any CPU
		{B34CF3FC-F036-4504-BF40-356FB16CAC4A}.Debug|Any CPU.Build.0 = Debug|Any CPU
		{B34CF3FC-F036-4504-BF40-356FB16CAC4A}.Release|Any CPU.ActiveCfg = Release|Any CPU
		{B34CF3FC-F036-4504-BF40-356FB16CAC4A}.Release|Any CPU.Build.0 = Release|Any CPU
	EndGlobalSection
	GlobalSection(SolutionProperties) = preSolution
		HideSolutionNode = FALSE
	EndGlobalSection
	GlobalSection(ExtensibilityGlobals) = postSolution
		SolutionGuid = {36A5832A-52D4-450A-83BB-C36BA531E4D6}
	EndGlobalSection
EndGlobal
